// !$*UTF8*$!
{
	archiveVersion = 1;
	classes = {
	};
	objectVersion = 50;
	objects = {

/* Begin PBXBuildFile section */
		DF52F2E92379F9A900196029 /* StateCell.swift in Sources */ = {isa = PBXBuildFile; fileRef = DF52F2E82379F9A900196029 /* StateCell.swift */; };
		DF6680CD237CA02C00EBB80C /* NetworkService.swift in Sources */ = {isa = PBXBuildFile; fileRef = DF6680CC237CA02C00EBB80C /* NetworkService.swift */; };
		DF6680D0237CA0E200EBB80C /* GetSectionResponse.swift in Sources */ = {isa = PBXBuildFile; fileRef = DF6680CF237CA0E200EBB80C /* GetSectionResponse.swift */; };
		DF6680D2237CA22200EBB80C /* Character.swift in Sources */ = {isa = PBXBuildFile; fileRef = DF6680D1237CA22100EBB80C /* Character.swift */; };
		DF6680D5237CA34300EBB80C /* NetworkError.swift in Sources */ = {isa = PBXBuildFile; fileRef = DF6680D4237CA34300EBB80C /* NetworkError.swift */; };
		DF6680D8237CA40600EBB80C /* SectionsNetworkService.swift in Sources */ = {isa = PBXBuildFile; fileRef = DF6680D7237CA40600EBB80C /* SectionsNetworkService.swift */; };
		DF6680DC237CB80B00EBB80C /* Comics.swift in Sources */ = {isa = PBXBuildFile; fileRef = DF6680DB237CB80B00EBB80C /* Comics.swift */; };
		DF6680DE237CB9C600EBB80C /* SectionCellController.swift in Sources */ = {isa = PBXBuildFile; fileRef = DF6680DD237CB9C600EBB80C /* SectionCellController.swift */; };
		DF6680E3237CEE9700EBB80C /* CharactersTableCell.swift in Sources */ = {isa = PBXBuildFile; fileRef = DF6680E2237CEE9700EBB80C /* CharactersTableCell.swift */; };
		DF736D202383DB6F00A9502C /* Constants.swift in Sources */ = {isa = PBXBuildFile; fileRef = DF736D1F2383DB6F00A9502C /* Constants.swift */; };
		DF736D222383DC9E00A9502C /* Constraints.swift in Sources */ = {isa = PBXBuildFile; fileRef = DF736D212383DC9E00A9502C /* Constraints.swift */; };
		DF736D252383E03300A9502C /* String + Height.swift in Sources */ = {isa = PBXBuildFile; fileRef = DF736D242383E03300A9502C /* String + Height.swift */; };
		DF8C487023793FFB00DF3CE8 /* AppDelegate.swift in Sources */ = {isa = PBXBuildFile; fileRef = DF8C486F23793FFB00DF3CE8 /* AppDelegate.swift */; };
		DF8C487223793FFB00DF3CE8 /* SceneDelegate.swift in Sources */ = {isa = PBXBuildFile; fileRef = DF8C487123793FFB00DF3CE8 /* SceneDelegate.swift */; };
		DF8C487723793FFB00DF3CE8 /* Main.storyboard in Resources */ = {isa = PBXBuildFile; fileRef = DF8C487523793FFB00DF3CE8 /* Main.storyboard */; };
		DF8C487A23793FFB00DF3CE8 /* Marvel_Heroes.xcdatamodeld in Sources */ = {isa = PBXBuildFile; fileRef = DF8C487823793FFB00DF3CE8 /* Marvel_Heroes.xcdatamodeld */; };
		DF8C487C23793FFE00DF3CE8 /* Assets.xcassets in Resources */ = {isa = PBXBuildFile; fileRef = DF8C487B23793FFE00DF3CE8 /* Assets.xcassets */; };
		DF8C487F23793FFE00DF3CE8 /* LaunchScreen.storyboard in Resources */ = {isa = PBXBuildFile; fileRef = DF8C487D23793FFE00DF3CE8 /* LaunchScreen.storyboard */; };
		DF8C48902379424300DF3CE8 /* MainCollectionView.swift in Sources */ = {isa = PBXBuildFile; fileRef = DF8C488F2379424300DF3CE8 /* MainCollectionView.swift */; };
		DF8C489323794BAE00DF3CE8 /* SectionCell.xib in Resources */ = {isa = PBXBuildFile; fileRef = DF8C489223794BAE00DF3CE8 /* SectionCell.xib */; };
		DF8C489523794C6600DF3CE8 /* SectionCell.swift in Sources */ = {isa = PBXBuildFile; fileRef = DF8C489423794C6600DF3CE8 /* SectionCell.swift */; };
		DF8C4897237952E000DF3CE8 /* Section.swift in Sources */ = {isa = PBXBuildFile; fileRef = DF8C4896237952E000DF3CE8 /* Section.swift */; };
		DF9BBC54237FCB3B002CC293 /* FooterView.swift in Sources */ = {isa = PBXBuildFile; fileRef = DF9BBC53237FCB3B002CC293 /* FooterView.swift */; };
		DFA16A6E23848FED0060F207 /* HeightCellCalculator.swift in Sources */ = {isa = PBXBuildFile; fileRef = DFA16A6D23848FED0060F207 /* HeightCellCalculator.swift */; };
		DFBE381F237CF06800D8BD9A /* ComicsTableCell.swift in Sources */ = {isa = PBXBuildFile; fileRef = DFBE381E237CF06800D8BD9A /* ComicsTableCell.swift */; };
		DFBE3821237CF50900D8BD9A /* NameSectionsEnum.swift in Sources */ = {isa = PBXBuildFile; fileRef = DFBE3820237CF50900D8BD9A /* NameSectionsEnum.swift */; };
		DFEABF64237EA49400AB3012 /* Creator.swift in Sources */ = {isa = PBXBuildFile; fileRef = DFEABF63237EA49400AB3012 /* Creator.swift */; };
		DFEABF69237EA74F00AB3012 /* CreatorsTableCell.swift in Sources */ = {isa = PBXBuildFile; fileRef = DFEABF68237EA74F00AB3012 /* CreatorsTableCell.swift */; };
		DFEABF6B237EAF6F00AB3012 /* Event.swift in Sources */ = {isa = PBXBuildFile; fileRef = DFEABF6A237EAF6F00AB3012 /* Event.swift */; };
		DFEABF70237EB14900AB3012 /* EventsTableCell.swift in Sources */ = {isa = PBXBuildFile; fileRef = DFEABF6F237EB14900AB3012 /* EventsTableCell.swift */; };
		DFEABF72237EB6A300AB3012 /* Series.swift in Sources */ = {isa = PBXBuildFile; fileRef = DFEABF71237EB6A300AB3012 /* Series.swift */; };
		DFEABF77237EB7C200AB3012 /* SeriesTableCell.swift in Sources */ = {isa = PBXBuildFile; fileRef = DFEABF76237EB7C200AB3012 /* SeriesTableCell.swift */; };
		DFEABF79237EBC8400AB3012 /* Story.swift in Sources */ = {isa = PBXBuildFile; fileRef = DFEABF78237EBC8400AB3012 /* Story.swift */; };
		DFEABF7E237EC04D00AB3012 /* StoriesTableCell.swift in Sources */ = {isa = PBXBuildFile; fileRef = DFEABF7D237EC04D00AB3012 /* StoriesTableCell.swift */; };
/* End PBXBuildFile section */

/* Begin PBXFileReference section */
		DF1149B5237D6B5100B4E135 /* Debug.xcconfig */ = {isa = PBXFileReference; lastKnownFileType = text.xcconfig; path = Debug.xcconfig; sourceTree = "<group>"; };
		DF52F2E82379F9A900196029 /* StateCell.swift */ = {isa = PBXFileReference; lastKnownFileType = sourcecode.swift; path = StateCell.swift; sourceTree = "<group>"; };
		DF6680CC237CA02C00EBB80C /* NetworkService.swift */ = {isa = PBXFileReference; lastKnownFileType = sourcecode.swift; path = NetworkService.swift; sourceTree = "<group>"; };
		DF6680CF237CA0E200EBB80C /* GetSectionResponse.swift */ = {isa = PBXFileReference; lastKnownFileType = sourcecode.swift; path = GetSectionResponse.swift; sourceTree = "<group>"; };
		DF6680D1237CA22100EBB80C /* Character.swift */ = {isa = PBXFileReference; lastKnownFileType = sourcecode.swift; path = Character.swift; sourceTree = "<group>"; };
		DF6680D4237CA34300EBB80C /* NetworkError.swift */ = {isa = PBXFileReference; lastKnownFileType = sourcecode.swift; path = NetworkError.swift; sourceTree = "<group>"; };
		DF6680D7237CA40600EBB80C /* SectionsNetworkService.swift */ = {isa = PBXFileReference; lastKnownFileType = sourcecode.swift; path = SectionsNetworkService.swift; sourceTree = "<group>"; };
		DF6680DB237CB80B00EBB80C /* Comics.swift */ = {isa = PBXFileReference; lastKnownFileType = sourcecode.swift; path = Comics.swift; sourceTree = "<group>"; };
		DF6680DD237CB9C600EBB80C /* SectionCellController.swift */ = {isa = PBXFileReference; lastKnownFileType = sourcecode.swift; path = SectionCellController.swift; sourceTree = "<group>"; };
		DF6680E2237CEE9700EBB80C /* CharactersTableCell.swift */ = {isa = PBXFileReference; lastKnownFileType = sourcecode.swift; path = CharactersTableCell.swift; sourceTree = "<group>"; };
		DF736D1F2383DB6F00A9502C /* Constants.swift */ = {isa = PBXFileReference; lastKnownFileType = sourcecode.swift; path = Constants.swift; sourceTree = "<group>"; };
		DF736D212383DC9E00A9502C /* Constraints.swift */ = {isa = PBXFileReference; lastKnownFileType = sourcecode.swift; path = Constraints.swift; sourceTree = "<group>"; };
		DF736D242383E03300A9502C /* String + Height.swift */ = {isa = PBXFileReference; lastKnownFileType = sourcecode.swift; path = "String + Height.swift"; sourceTree = "<group>"; };
		DF8C486C23793FFB00DF3CE8 /* Marvel Heroes.app */ = {isa = PBXFileReference; explicitFileType = wrapper.application; includeInIndex = 0; path = "Marvel Heroes.app"; sourceTree = BUILT_PRODUCTS_DIR; };
		DF8C486F23793FFB00DF3CE8 /* AppDelegate.swift */ = {isa = PBXFileReference; lastKnownFileType = sourcecode.swift; path = AppDelegate.swift; sourceTree = "<group>"; };
		DF8C487123793FFB00DF3CE8 /* SceneDelegate.swift */ = {isa = PBXFileReference; lastKnownFileType = sourcecode.swift; path = SceneDelegate.swift; sourceTree = "<group>"; };
		DF8C487623793FFB00DF3CE8 /* Base */ = {isa = PBXFileReference; lastKnownFileType = file.storyboard; name = Base; path = Base.lproj/Main.storyboard; sourceTree = "<group>"; };
		DF8C487923793FFB00DF3CE8 /* Marvel_Heroes.xcdatamodel */ = {isa = PBXFileReference; lastKnownFileType = wrapper.xcdatamodel; path = Marvel_Heroes.xcdatamodel; sourceTree = "<group>"; };
		DF8C487B23793FFE00DF3CE8 /* Assets.xcassets */ = {isa = PBXFileReference; lastKnownFileType = folder.assetcatalog; path = Assets.xcassets; sourceTree = "<group>"; };
		DF8C487E23793FFE00DF3CE8 /* Base */ = {isa = PBXFileReference; lastKnownFileType = file.storyboard; name = Base; path = Base.lproj/LaunchScreen.storyboard; sourceTree = "<group>"; };
		DF8C488023793FFE00DF3CE8 /* Info.plist */ = {isa = PBXFileReference; lastKnownFileType = text.plist.xml; path = Info.plist; sourceTree = "<group>"; };
		DF8C488F2379424300DF3CE8 /* MainCollectionView.swift */ = {isa = PBXFileReference; lastKnownFileType = sourcecode.swift; path = MainCollectionView.swift; sourceTree = "<group>"; };
		DF8C489223794BAE00DF3CE8 /* SectionCell.xib */ = {isa = PBXFileReference; lastKnownFileType = file.xib; path = SectionCell.xib; sourceTree = "<group>"; };
		DF8C489423794C6600DF3CE8 /* SectionCell.swift */ = {isa = PBXFileReference; lastKnownFileType = sourcecode.swift; path = SectionCell.swift; sourceTree = "<group>"; };
		DF8C4896237952E000DF3CE8 /* Section.swift */ = {isa = PBXFileReference; lastKnownFileType = sourcecode.swift; path = Section.swift; sourceTree = "<group>"; };
		DF9BBC53237FCB3B002CC293 /* FooterView.swift */ = {isa = PBXFileReference; lastKnownFileType = sourcecode.swift; path = FooterView.swift; sourceTree = "<group>"; };
		DFA16A6D23848FED0060F207 /* HeightCellCalculator.swift */ = {isa = PBXFileReference; lastKnownFileType = sourcecode.swift; path = HeightCellCalculator.swift; sourceTree = "<group>"; };
		DFBE381E237CF06800D8BD9A /* ComicsTableCell.swift */ = {isa = PBXFileReference; lastKnownFileType = sourcecode.swift; path = ComicsTableCell.swift; sourceTree = "<group>"; };
		DFBE3820237CF50900D8BD9A /* NameSectionsEnum.swift */ = {isa = PBXFileReference; lastKnownFileType = sourcecode.swift; path = NameSectionsEnum.swift; sourceTree = "<group>"; };
		DFEABF63237EA49400AB3012 /* Creator.swift */ = {isa = PBXFileReference; lastKnownFileType = sourcecode.swift; path = Creator.swift; sourceTree = "<group>"; };
		DFEABF68237EA74F00AB3012 /* CreatorsTableCell.swift */ = {isa = PBXFileReference; lastKnownFileType = sourcecode.swift; path = CreatorsTableCell.swift; sourceTree = "<group>"; };
		DFEABF6A237EAF6F00AB3012 /* Event.swift */ = {isa = PBXFileReference; lastKnownFileType = sourcecode.swift; path = Event.swift; sourceTree = "<group>"; };
		DFEABF6F237EB14900AB3012 /* EventsTableCell.swift */ = {isa = PBXFileReference; lastKnownFileType = sourcecode.swift; path = EventsTableCell.swift; sourceTree = "<group>"; };
		DFEABF71237EB6A300AB3012 /* Series.swift */ = {isa = PBXFileReference; lastKnownFileType = sourcecode.swift; path = Series.swift; sourceTree = "<group>"; };
		DFEABF76237EB7C200AB3012 /* SeriesTableCell.swift */ = {isa = PBXFileReference; lastKnownFileType = sourcecode.swift; path = SeriesTableCell.swift; sourceTree = "<group>"; };
		DFEABF78237EBC8400AB3012 /* Story.swift */ = {isa = PBXFileReference; lastKnownFileType = sourcecode.swift; path = Story.swift; sourceTree = "<group>"; };
		DFEABF7D237EC04D00AB3012 /* StoriesTableCell.swift */ = {isa = PBXFileReference; lastKnownFileType = sourcecode.swift; path = StoriesTableCell.swift; sourceTree = "<group>"; };
/* End PBXFileReference section */

/* Begin PBXFrameworksBuildPhase section */
		DF8C486923793FFB00DF3CE8 /* Frameworks */ = {
			isa = PBXFrameworksBuildPhase;
			buildActionMask = 2147483647;
			files = (
			);
			runOnlyForDeploymentPostprocessing = 0;
		};
/* End PBXFrameworksBuildPhase section */

/* Begin PBXGroup section */
		DF247ECE237A9F1D00BE3E91 /* SectionTableView */ = {
			isa = PBXGroup;
			children = (
				DF247ED0237A9F4500BE3E91 /* View */,
			);
			path = SectionTableView;
			sourceTree = "<group>";
		};
		DF247ED0237A9F4500BE3E91 /* View */ = {
			isa = PBXGroup;
			children = (
				DFA16A6F23849CEF0060F207 /* Cells */,
				DF736D1F2383DB6F00A9502C /* Constants.swift */,
				DF9BBC53237FCB3B002CC293 /* FooterView.swift */,
			);
			path = View;
			sourceTree = "<group>";
		};
		DF6680CB237CA01500EBB80C /* NetworkService */ = {
			isa = PBXGroup;
			children = (
				DF6680CC237CA02C00EBB80C /* NetworkService.swift */,
			);
			path = NetworkService;
			sourceTree = "<group>";
		};
		DF6680CE237CA0B300EBB80C /* Responses */ = {
			isa = PBXGroup;
			children = (
				DF6680CF237CA0E200EBB80C /* GetSectionResponse.swift */,
			);
			path = Responses;
			sourceTree = "<group>";
		};
		DF6680D3237CA33800EBB80C /* Model */ = {
			isa = PBXGroup;
			children = (
				DF6680D4237CA34300EBB80C /* NetworkError.swift */,
			);
			path = Model;
			sourceTree = "<group>";
		};
		DF6680D6237CA3DE00EBB80C /* NetworkService */ = {
			isa = PBXGroup;
			children = (
				DF6680D7237CA40600EBB80C /* SectionsNetworkService.swift */,
			);
			path = NetworkService;
			sourceTree = "<group>";
		};
		DF6680DA237CB7E400EBB80C /* Sections */ = {
			isa = PBXGroup;
			children = (
				DF6680D1237CA22100EBB80C /* Character.swift */,
				DF6680DB237CB80B00EBB80C /* Comics.swift */,
				DFEABF63237EA49400AB3012 /* Creator.swift */,
				DFEABF6A237EAF6F00AB3012 /* Event.swift */,
				DFEABF71237EB6A300AB3012 /* Series.swift */,
				DFEABF78237EBC8400AB3012 /* Story.swift */,
			);
			path = Sections;
			sourceTree = "<group>";
		};
		DF736D232383DCBF00A9502C /* Helpers */ = {
			isa = PBXGroup;
			children = (
				DF736D212383DC9E00A9502C /* Constraints.swift */,
				DF736D242383E03300A9502C /* String + Height.swift */,
			);
			path = Helpers;
			sourceTree = "<group>";
		};
		DF8C486323793FFB00DF3CE8 = {
			isa = PBXGroup;
			children = (
				DF8C486E23793FFB00DF3CE8 /* Marvel Heroes */,
				DF8C486D23793FFB00DF3CE8 /* Products */,
			);
			sourceTree = "<group>";
		};
		DF8C486D23793FFB00DF3CE8 /* Products */ = {
			isa = PBXGroup;
			children = (
				DF8C486C23793FFB00DF3CE8 /* Marvel Heroes.app */,
			);
			name = Products;
			sourceTree = "<group>";
		};
		DF8C486E23793FFB00DF3CE8 /* Marvel Heroes */ = {
			isa = PBXGroup;
			children = (
				DF8C4886237940B400DF3CE8 /* Application */,
				DF8C4889237941D700DF3CE8 /* Menu */,
				DF247ECE237A9F1D00BE3E91 /* SectionTableView */,
				DF8C487B23793FFE00DF3CE8 /* Assets.xcassets */,
				DF8C488023793FFE00DF3CE8 /* Info.plist */,
				DF8C487823793FFB00DF3CE8 /* Marvel_Heroes.xcdatamodeld */,
				DF1149B5237D6B5100B4E135 /* Debug.xcconfig */,
				DF736D232383DCBF00A9502C /* Helpers */,
			);
			path = "Marvel Heroes";
			sourceTree = "<group>";
		};
		DF8C4886237940B400DF3CE8 /* Application */ = {
			isa = PBXGroup;
			children = (
				DF6680D3237CA33800EBB80C /* Model */,
				DF8C4888237941BC00DF3CE8 /* Controller */,
				DF8C4887237940EA00DF3CE8 /* View */,
				DF6680CB237CA01500EBB80C /* NetworkService */,
			);
			path = Application;
			sourceTree = "<group>";
		};
		DF8C4887237940EA00DF3CE8 /* View */ = {
			isa = PBXGroup;
			children = (
				DF8C487523793FFB00DF3CE8 /* Main.storyboard */,
				DF8C487D23793FFE00DF3CE8 /* LaunchScreen.storyboard */,
			);
			path = View;
			sourceTree = "<group>";
		};
		DF8C4888237941BC00DF3CE8 /* Controller */ = {
			isa = PBXGroup;
			children = (
				DF8C486F23793FFB00DF3CE8 /* AppDelegate.swift */,
				DF8C487123793FFB00DF3CE8 /* SceneDelegate.swift */,
			);
			path = Controller;
			sourceTree = "<group>";
		};
		DF8C4889237941D700DF3CE8 /* Menu */ = {
			isa = PBXGroup;
			children = (
				DF8C488E2379421500DF3CE8 /* Model */,
				DF8C488C2379420400DF3CE8 /* View */,
				DF8C488A237941EE00DF3CE8 /* Controller */,
				DF6680D6237CA3DE00EBB80C /* NetworkService */,
			);
			path = Menu;
			sourceTree = "<group>";
		};
		DF8C488A237941EE00DF3CE8 /* Controller */ = {
			isa = PBXGroup;
			children = (
				DF8C488F2379424300DF3CE8 /* MainCollectionView.swift */,
				DF6680DD237CB9C600EBB80C /* SectionCellController.swift */,
				DFA16A6D23848FED0060F207 /* HeightCellCalculator.swift */,
			);
			path = Controller;
			sourceTree = "<group>";
		};
		DF8C488C2379420400DF3CE8 /* View */ = {
			isa = PBXGroup;
			children = (
				DF8C489223794BAE00DF3CE8 /* SectionCell.xib */,
				DF8C489423794C6600DF3CE8 /* SectionCell.swift */,
			);
			path = View;
			sourceTree = "<group>";
		};
		DF8C488E2379421500DF3CE8 /* Model */ = {
			isa = PBXGroup;
			children = (
				DF6680DA237CB7E400EBB80C /* Sections */,
				DF6680CE237CA0B300EBB80C /* Responses */,
				DFBE3820237CF50900D8BD9A /* NameSectionsEnum.swift */,
				DF8C4896237952E000DF3CE8 /* Section.swift */,
				DF52F2E82379F9A900196029 /* StateCell.swift */,
			);
			path = Model;
			sourceTree = "<group>";
		};
		DFA16A6F23849CEF0060F207 /* Cells */ = {
			isa = PBXGroup;
			children = (
				DF6680E2237CEE9700EBB80C /* CharactersTableCell.swift */,
				DFBE381E237CF06800D8BD9A /* ComicsTableCell.swift */,
				DFEABF68237EA74F00AB3012 /* CreatorsTableCell.swift */,
				DFEABF6F237EB14900AB3012 /* EventsTableCell.swift */,
				DFEABF76237EB7C200AB3012 /* SeriesTableCell.swift */,
				DFEABF7D237EC04D00AB3012 /* StoriesTableCell.swift */,
			);
			path = Cells;
			sourceTree = "<group>";
		};
/* End PBXGroup section */

/* Begin PBXNativeTarget section */
		DF8C486B23793FFB00DF3CE8 /* Marvel Heroes */ = {
			isa = PBXNativeTarget;
			buildConfigurationList = DF8C488323793FFE00DF3CE8 /* Build configuration list for PBXNativeTarget "Marvel Heroes" */;
			buildPhases = (
				DF8C486823793FFB00DF3CE8 /* Sources */,
				DF8C486923793FFB00DF3CE8 /* Frameworks */,
				DF8C486A23793FFB00DF3CE8 /* Resources */,
			);
			buildRules = (
			);
			dependencies = (
			);
			name = "Marvel Heroes";
			productName = "Marvel Heroes";
			productReference = DF8C486C23793FFB00DF3CE8 /* Marvel Heroes.app */;
			productType = "com.apple.product-type.application";
		};
/* End PBXNativeTarget section */

/* Begin PBXProject section */
		DF8C486423793FFB00DF3CE8 /* Project object */ = {
			isa = PBXProject;
			attributes = {
				LastSwiftUpdateCheck = 1110;
				LastUpgradeCheck = 1110;
				ORGANIZATIONNAME = "Nikita Ananev";
				TargetAttributes = {
					DF8C486B23793FFB00DF3CE8 = {
						CreatedOnToolsVersion = 11.1;
					};
				};
			};
			buildConfigurationList = DF8C486723793FFB00DF3CE8 /* Build configuration list for PBXProject "Marvel Heroes" */;
			compatibilityVersion = "Xcode 9.3";
			developmentRegion = en;
			hasScannedForEncodings = 0;
			knownRegions = (
				en,
				Base,
			);
			mainGroup = DF8C486323793FFB00DF3CE8;
			productRefGroup = DF8C486D23793FFB00DF3CE8 /* Products */;
			projectDirPath = "";
			projectRoot = "";
			targets = (
				DF8C486B23793FFB00DF3CE8 /* Marvel Heroes */,
			);
		};
/* End PBXProject section */

/* Begin PBXResourcesBuildPhase section */
		DF8C486A23793FFB00DF3CE8 /* Resources */ = {
			isa = PBXResourcesBuildPhase;
			buildActionMask = 2147483647;
			files = (
				DF8C487F23793FFE00DF3CE8 /* LaunchScreen.storyboard in Resources */,
				DF8C489323794BAE00DF3CE8 /* SectionCell.xib in Resources */,
				DF8C487C23793FFE00DF3CE8 /* Assets.xcassets in Resources */,
				DF8C487723793FFB00DF3CE8 /* Main.storyboard in Resources */,
			);
			runOnlyForDeploymentPostprocessing = 0;
		};
/* End PBXResourcesBuildPhase section */

/* Begin PBXSourcesBuildPhase section */
		DF8C486823793FFB00DF3CE8 /* Sources */ = {
			isa = PBXSourcesBuildPhase;
			buildActionMask = 2147483647;
			files = (
				DF6680CD237CA02C00EBB80C /* NetworkService.swift in Sources */,
				DFEABF69237EA74F00AB3012 /* CreatorsTableCell.swift in Sources */,
				DF8C487023793FFB00DF3CE8 /* AppDelegate.swift in Sources */,
				DF9BBC54237FCB3B002CC293 /* FooterView.swift in Sources */,
				DFEABF7E237EC04D00AB3012 /* StoriesTableCell.swift in Sources */,
				DF8C487A23793FFB00DF3CE8 /* Marvel_Heroes.xcdatamodeld in Sources */,
				DF8C487223793FFB00DF3CE8 /* SceneDelegate.swift in Sources */,
				DF6680DC237CB80B00EBB80C /* Comics.swift in Sources */,
				DFEABF70237EB14900AB3012 /* EventsTableCell.swift in Sources */,
				DFA16A6E23848FED0060F207 /* HeightCellCalculator.swift in Sources */,
				DFBE3821237CF50900D8BD9A /* NameSectionsEnum.swift in Sources */,
				DF736D202383DB6F00A9502C /* Constants.swift in Sources */,
				DFEABF79237EBC8400AB3012 /* Story.swift in Sources */,
				DF736D252383E03300A9502C /* String + Height.swift in Sources */,
				DF8C4897237952E000DF3CE8 /* Section.swift in Sources */,
				DF6680D2237CA22200EBB80C /* Character.swift in Sources */,
				DF8C489523794C6600DF3CE8 /* SectionCell.swift in Sources */,
				DF6680E3237CEE9700EBB80C /* CharactersTableCell.swift in Sources */,
				DF8C48902379424300DF3CE8 /* MainCollectionView.swift in Sources */,
				DF6680D8237CA40600EBB80C /* SectionsNetworkService.swift in Sources */,
				DF6680D5237CA34300EBB80C /* NetworkError.swift in Sources */,
				DFBE381F237CF06800D8BD9A /* ComicsTableCell.swift in Sources */,
				DF736D222383DC9E00A9502C /* Constraints.swift in Sources */,
				DF6680D0237CA0E200EBB80C /* GetSectionResponse.swift in Sources */,
				DFEABF64237EA49400AB3012 /* Creator.swift in Sources */,
				DFEABF77237EB7C200AB3012 /* SeriesTableCell.swift in Sources */,
				DF52F2E92379F9A900196029 /* StateCell.swift in Sources */,
				DFEABF6B237EAF6F00AB3012 /* Event.swift in Sources */,
				DFEABF72237EB6A300AB3012 /* Series.swift in Sources */,
				DF6680DE237CB9C600EBB80C /* SectionCellController.swift in Sources */,
			);
			runOnlyForDeploymentPostprocessing = 0;
		};
/* End PBXSourcesBuildPhase section */

/* Begin PBXVariantGroup section */
		DF8C487523793FFB00DF3CE8 /* Main.storyboard */ = {
			isa = PBXVariantGroup;
			children = (
				DF8C487623793FFB00DF3CE8 /* Base */,
			);
			name = Main.storyboard;
			sourceTree = "<group>";
		};
		DF8C487D23793FFE00DF3CE8 /* LaunchScreen.storyboard */ = {
			isa = PBXVariantGroup;
			children = (
				DF8C487E23793FFE00DF3CE8 /* Base */,
			);
			name = LaunchScreen.storyboard;
			sourceTree = "<group>";
		};
/* End PBXVariantGroup section */

/* Begin XCBuildConfiguration section */
		DF8C488123793FFE00DF3CE8 /* Debug */ = {
			isa = XCBuildConfiguration;
			baseConfigurationReference = DF1149B5237D6B5100B4E135 /* Debug.xcconfig */;
			buildSettings = {
				ALWAYS_SEARCH_USER_PATHS = NO;
				CLANG_ANALYZER_NONNULL = YES;
				CLANG_ANALYZER_NUMBER_OBJECT_CONVERSION = YES_AGGRESSIVE;
				CLANG_CXX_LANGUAGE_STANDARD = "gnu++14";
				CLANG_CXX_LIBRARY = "libc++";
				CLANG_ENABLE_MODULES = YES;
				CLANG_ENABLE_OBJC_ARC = YES;
				CLANG_ENABLE_OBJC_WEAK = YES;
				CLANG_WARN_BLOCK_CAPTURE_AUTORELEASING = YES;
				CLANG_WARN_BOOL_CONVERSION = YES;
				CLANG_WARN_COMMA = YES;
				CLANG_WARN_CONSTANT_CONVERSION = YES;
				CLANG_WARN_DEPRECATED_OBJC_IMPLEMENTATIONS = YES;
				CLANG_WARN_DIRECT_OBJC_ISA_USAGE = YES_ERROR;
				CLANG_WARN_DOCUMENTATION_COMMENTS = YES;
				CLANG_WARN_EMPTY_BODY = YES;
				CLANG_WARN_ENUM_CONVERSION = YES;
				CLANG_WARN_INFINITE_RECURSION = YES;
				CLANG_WARN_INT_CONVERSION = YES;
				CLANG_WARN_NON_LITERAL_NULL_CONVERSION = YES;
				CLANG_WARN_OBJC_IMPLICIT_RETAIN_SELF = YES;
				CLANG_WARN_OBJC_LITERAL_CONVERSION = YES;
				CLANG_WARN_OBJC_ROOT_CLASS = YES_ERROR;
				CLANG_WARN_RANGE_LOOP_ANALYSIS = YES;
				CLANG_WARN_STRICT_PROTOTYPES = YES;
				CLANG_WARN_SUSPICIOUS_MOVE = YES;
				CLANG_WARN_UNGUARDED_AVAILABILITY = YES_AGGRESSIVE;
				CLANG_WARN_UNREACHABLE_CODE = YES;
				CLANG_WARN__DUPLICATE_METHOD_MATCH = YES;
				COPY_PHASE_STRIP = NO;
				DEBUG_INFORMATION_FORMAT = dwarf;
				ENABLE_STRICT_OBJC_MSGSEND = YES;
				ENABLE_TESTABILITY = YES;
				GCC_C_LANGUAGE_STANDARD = gnu11;
				GCC_DYNAMIC_NO_PIC = NO;
				GCC_NO_COMMON_BLOCKS = YES;
				GCC_OPTIMIZATION_LEVEL = 0;
				GCC_PREPROCESSOR_DEFINITIONS = (
					"DEBUG=1",
					"$(inherited)",
				);
				GCC_WARN_64_TO_32_BIT_CONVERSION = YES;
				GCC_WARN_ABOUT_RETURN_TYPE = YES_ERROR;
				GCC_WARN_UNDECLARED_SELECTOR = YES;
				GCC_WARN_UNINITIALIZED_AUTOS = YES_AGGRESSIVE;
				GCC_WARN_UNUSED_FUNCTION = YES;
				GCC_WARN_UNUSED_VARIABLE = YES;
				IPHONEOS_DEPLOYMENT_TARGET = 13.1;
				MTL_ENABLE_DEBUG_INFO = INCLUDE_SOURCE;
				MTL_FAST_MATH = YES;
				ONLY_ACTIVE_ARCH = YES;
				SDKROOT = iphoneos;
				SWIFT_ACTIVE_COMPILATION_CONDITIONS = DEBUG;
				SWIFT_OPTIMIZATION_LEVEL = "-Onone";
			};
			name = Debug;
		};
		DF8C488223793FFE00DF3CE8 /* Release */ = {
			isa = XCBuildConfiguration;
			buildSettings = {
				ALWAYS_SEARCH_USER_PATHS = NO;
				CLANG_ANALYZER_NONNULL = YES;
				CLANG_ANALYZER_NUMBER_OBJECT_CONVERSION = YES_AGGRESSIVE;
				CLANG_CXX_LANGUAGE_STANDARD = "gnu++14";
				CLANG_CXX_LIBRARY = "libc++";
				CLANG_ENABLE_MODULES = YES;
				CLANG_ENABLE_OBJC_ARC = YES;
				CLANG_ENABLE_OBJC_WEAK = YES;
				CLANG_WARN_BLOCK_CAPTURE_AUTORELEASING = YES;
				CLANG_WARN_BOOL_CONVERSION = YES;
				CLANG_WARN_COMMA = YES;
				CLANG_WARN_CONSTANT_CONVERSION = YES;
				CLANG_WARN_DEPRECATED_OBJC_IMPLEMENTATIONS = YES;
				CLANG_WARN_DIRECT_OBJC_ISA_USAGE = YES_ERROR;
				CLANG_WARN_DOCUMENTATION_COMMENTS = YES;
				CLANG_WARN_EMPTY_BODY = YES;
				CLANG_WARN_ENUM_CONVERSION = YES;
				CLANG_WARN_INFINITE_RECURSION = YES;
				CLANG_WARN_INT_CONVERSION = YES;
				CLANG_WARN_NON_LITERAL_NULL_CONVERSION = YES;
				CLANG_WARN_OBJC_IMPLICIT_RETAIN_SELF = YES;
				CLANG_WARN_OBJC_LITERAL_CONVERSION = YES;
				CLANG_WARN_OBJC_ROOT_CLASS = YES_ERROR;
				CLANG_WARN_RANGE_LOOP_ANALYSIS = YES;
				CLANG_WARN_STRICT_PROTOTYPES = YES;
				CLANG_WARN_SUSPICIOUS_MOVE = YES;
				CLANG_WARN_UNGUARDED_AVAILABILITY = YES_AGGRESSIVE;
				CLANG_WARN_UNREACHABLE_CODE = YES;
				CLANG_WARN__DUPLICATE_METHOD_MATCH = YES;
				COPY_PHASE_STRIP = NO;
				DEBUG_INFORMATION_FORMAT = "dwarf-with-dsym";
				ENABLE_NS_ASSERTIONS = NO;
				ENABLE_STRICT_OBJC_MSGSEND = YES;
				GCC_C_LANGUAGE_STANDARD = gnu11;
				GCC_NO_COMMON_BLOCKS = YES;
				GCC_WARN_64_TO_32_BIT_CONVERSION = YES;
				GCC_WARN_ABOUT_RETURN_TYPE = YES_ERROR;
				GCC_WARN_UNDECLARED_SELECTOR = YES;
				GCC_WARN_UNINITIALIZED_AUTOS = YES_AGGRESSIVE;
				GCC_WARN_UNUSED_FUNCTION = YES;
				GCC_WARN_UNUSED_VARIABLE = YES;
				IPHONEOS_DEPLOYMENT_TARGET = 13.1;
				MTL_ENABLE_DEBUG_INFO = NO;
				MTL_FAST_MATH = YES;
				SDKROOT = iphoneos;
				SWIFT_COMPILATION_MODE = wholemodule;
				SWIFT_OPTIMIZATION_LEVEL = "-O";
				VALIDATE_PRODUCT = YES;
			};
			name = Release;
		};
		DF8C488423793FFE00DF3CE8 /* Debug */ = {
			isa = XCBuildConfiguration;
			baseConfigurationReference = DF1149B5237D6B5100B4E135 /* Debug.xcconfig */;
			buildSettings = {
				ASSETCATALOG_COMPILER_APPICON_NAME = AppIcon;
				CODE_SIGN_STYLE = Automatic;
				DEVELOPMENT_TEAM = LN4WYZ2U7J;
				INFOPLIST_FILE = "Marvel Heroes/Info.plist";
				IPHONEOS_DEPLOYMENT_TARGET = 12.4;
				LD_RUNPATH_SEARCH_PATHS = (
					"$(inherited)",
					"@executable_path/Frameworks",
				);
				PRODUCT_BUNDLE_IDENTIFIER = "ru.nikitaAnanev.Marvel-Heroes";
				PRODUCT_NAME = "$(TARGET_NAME)";
				SWIFT_VERSION = 5.0;
				TARGETED_DEVICE_FAMILY = "1,2";
			};
			name = Debug;
		};
		DF8C488523793FFE00DF3CE8 /* Release */ = {
			isa = XCBuildConfiguration;
			buildSettings = {
				ASSETCATALOG_COMPILER_APPICON_NAME = AppIcon;
				CODE_SIGN_STYLE = Automatic;
				DEVELOPMENT_TEAM = LN4WYZ2U7J;
				INFOPLIST_FILE = "Marvel Heroes/Info.plist";
				IPHONEOS_DEPLOYMENT_TARGET = 12.4;
				LD_RUNPATH_SEARCH_PATHS = (
					"$(inherited)",
					"@executable_path/Frameworks",
				);
				PRODUCT_BUNDLE_IDENTIFIER = "ru.nikitaAnanev.Marvel-Heroes";
				PRODUCT_NAME = "$(TARGET_NAME)";
				SWIFT_VERSION = 5.0;
				TARGETED_DEVICE_FAMILY = "1,2";
			};
			name = Release;
		};
/* End XCBuildConfiguration section */

/* Begin XCConfigurationList section */
		DF8C486723793FFB00DF3CE8 /* Build configuration list for PBXProject "Marvel Heroes" */ = {
			isa = XCConfigurationList;
			buildConfigurations = (
				DF8C488123793FFE00DF3CE8 /* Debug */,
				DF8C488223793FFE00DF3CE8 /* Release */,
			);
			defaultConfigurationIsVisible = 0;
			defaultConfigurationName = Debug;
		};
		DF8C488323793FFE00DF3CE8 /* Build configuration list for PBXNativeTarget "Marvel Heroes" */ = {
			isa = XCConfigurationList;
			buildConfigurations = (
				DF8C488423793FFE00DF3CE8 /* Debug */,
				DF8C488523793FFE00DF3CE8 /* Release */,
			);
			defaultConfigurationIsVisible = 0;
			defaultConfigurationName = Debug;
		};
/* End XCConfigurationList section */

/* Begin XCVersionGroup section */
		DF8C487823793FFB00DF3CE8 /* Marvel_Heroes.xcdatamodeld */ = {
			isa = XCVersionGroup;
			children = (
				DF8C487923793FFB00DF3CE8 /* Marvel_Heroes.xcdatamodel */,
			);
			currentVersion = DF8C487923793FFB00DF3CE8 /* Marvel_Heroes.xcdatamodel */;
			path = Marvel_Heroes.xcdatamodeld;
			sourceTree = "<group>";
			versionGroupType = wrapper.xcdatamodel;
		};
/* End XCVersionGroup section */
	};
	rootObject = DF8C486423793FFB00DF3CE8 /* Project object */;
}
